
Microsoft Visual Studio Solution File, Format Version 12.00
# Visual Studio Version 17
VisualStudioVersion = 17.0.31903.59
MinimumVisualStudioVersion = 10.0.40219.1
Project("{9A19103F-16F7-4668-BE54-9A1E7A4F7556}") = "Prosmotr", "src\Prosmotr\Prosmotr.csproj", "{4F3A9C21-7E6B-4D8A-9F12-3C5D6E7A8B90}"
EndProject
Project("{2150E333-8FDC-42A3-9474-1A3956D46DE8}") = "tests", "tests", "{0AB3BF05-4346-4AA6-1389-037BE0695223}"
EndProject
Project("{FAE04EC0-301F-11D3-BF4B-00C04F79EFBC}") = "Prosmotr.Tests", "tests\Prosmotr.Tests\Prosmotr.Tests.csproj", "{9D28AE6A-C736-4AE9-990E-C6FFE33A104D}"
EndProject
Global
	GlobalSection(SolutionConfigurationPlatforms) = preSolution
		Debug|Any CPU = Debug|Any CPU
		Debug|x64 = Debug|x64
		Debug|x86 = Debug|x86
		Release|Any CPU = Release|Any CPU
		Release|x64 = Release|x64
		Release|x86 = Release|x86
	EndGlobalSection
	GlobalSection(ProjectConfigurationPlatforms) = postSolution
		{4F3A9C21-7E6B-4D8A-9F12-3C5D6E7A8B90}.Debug|Any CPU.ActiveCfg = Debug|Any CPU
		{4F3A9C21-7E6B-4D8A-9F12-3C5D6E7A8B90}.Debug|Any CPU.Build.0 = Debug|Any CPU
		{4F3A9C21-7E6B-4D8A-9F12-3C5D6E7A8B90}.Debug|x64.ActiveCfg = Debug|Any CPU
		{4F3A9C21-7E6B-4D8A-9F12-3C5D6E7A8B90}.Debug|x64.Build.0 = Debug|Any CPU
		{4F3A9C21-7E6B-4D8A-9F12-3C5D6E7A8B90}.Debug|x86.ActiveCfg = Debug|Any CPU
		{4F3A9C21-7E6B-4D8A-9F12-3C5D6E7A8B90}.Debug|x86.Build.0 = Debug|Any CPU
		{4F3A9C21-7E6B-4D8A-9F12-3C5D6E7A8B90}.Release|Any CPU.ActiveCfg = Release|Any CPU
		{4F3A9C21-7E6B-4D8A-9F12-3C5D6E7A8B90}.Release|Any CPU.Build.0 = Release|Any CPU
		{4F3A9C21-7E6B-4D8A-9F12-3C5D6E7A8B90}.Release|x64.ActiveCfg = Release|Any CPU
		{4F3A9C21-7E6B-4D8A-9F12-3C5D6E7A8B90}.Release|x64.Build.0 = Release|Any CPU
		{4F3A9C21-7E6B-4D8A-9F12-3C5D6E7A8B90}.Release|x86.ActiveCfg = Release|Any CPU
		{4F3A9C21-7E6B-4D8A-9F12-3C5D6E7A8B90}.Release|x86.Build.0 = Release|Any CPU
		{9D28AE6A-C736-4AE9-990E-C6FFE33A104D}.Debug|Any CPU.ActiveCfg = Debug|Any CPU
		{9D28AE6A-C736-4AE9-990E-C6FFE33A104D}.Debug|Any CPU.Build.0 = Debug|Any CPU
		{9D28AE6A-C736-4AE9-990E-C6FFE33A104D}.Debug|x64.ActiveCfg = Debug|Any CPU
		{9D28AE6A-C736-4AE9-990E-C6FFE33A104D}.Debug|x64.Build.0 = Debug|Any CPU
		{9D28AE6A-C736-4AE9-990E-C6FFE33A104D}.Debug|x86.ActiveCfg = Debug|Any CPU
		{9D28AE6A-C736-4AE9-990E-C6FFE33A104D}.Debug|x86.Build.0 = Debug|Any CPU
		{9D28AE6A-C736-4AE9-990E-C6FFE33A104D}.Release|Any CPU.ActiveCfg = Release|Any CPU
		{9D28AE6A-C736-4AE9-990E-C6FFE33A104D}.Release|Any CPU.Build.0 = Release|Any CPU
		{9D28AE6A-C736-4AE9-990E-C6FFE33A104D}.Release|x64.ActiveCfg = Release|Any CPU
		{9D28AE6A-C736-4AE9-990E-C6FFE33A104D}.Release|x64.Build.0 = Release|Any CPU
		{9D28AE6A-C736-4AE9-990E-C6FFE33A104D}.Release|x86.ActiveCfg = Release|Any CPU
		{9D28AE6A-C736-4AE9-990E-C6FFE33A104D}.Release|x86.Build.0 = Release|Any CPU
	EndGlobalSection
	GlobalSection(SolutionProperties) = preSolution
		HideSolutionNode = FALSE
	EndGlobalSection
	GlobalSection(NestedProjects) = preSolution
		{9D28AE6A-C736-4AE9-990E-C6FFE33A104D} = {0AB3BF05-4346-4AA6-1389-037BE0695223}
	EndGlobalSection
EndGlobal
